
Microsoft Visual Studio Solution File, Format Version 12.00
# Visual Studio Version 16
VisualStudioVersion = 16.0.32002.261
MinimumVisualStudioVersion = 10.0.40219.1
Project("{FAE04EC0-301F-11D3-BF4B-00C04F79EFBC}") = "DB", "DB\DB.csproj", "{2BF66049-3D1F-496A-BC6B-5D980331CCE5}"
EndProject
Project("{FAE04EC0-301F-11D3-BF4B-00C04F79EFBC}") = "EntityFrameworkSystem", "EntityFrameworkSystem\EntityFrameworkSystem.csproj", "{2F53A253-E80E-452E-AA63-D904F1F30A15}"
EndProject
Global
	GlobalSection(SolutionConfigurationPlatforms) = preSolution
		Debug|Any CPU = Debug|Any CPU
		Release|Any CPU = Release|Any CPU
	EndGlobalSection
	GlobalSection(ProjectConfigurationPlatforms) = postSolution
		{2BF66049-3D1F-496A-BC6B-5D980331CCE5}.Debug|Any CPU.ActiveCfg = Debug|Any CPU
		{2BF66049-3D1F-496A-BC6B-5D980331CCE5}.Debug|Any CPU.Build.0 = Debug|Any CPU
		{2BF66049-3D1F-496A-BC6B-5D980331CCE5}.Release|Any CPU.ActiveCfg = Release|Any CPU
		{2BF66049-3D1F-496A-BC6B-5D980331CCE5}.Release|Any CPU.Build.0 = Release|Any CPU
		{2F53A253-E80E-452E-AA63-D904F1F30A15}.Debug|Any CPU.ActiveCfg = Debug|Any CPU
		{2F53A253-E80E-452E-AA63-D904F1F30A15}.Debug|Any CPU.Build.0 = Debug|Any CPU
		{2F53A253-E80E-452E-AA63-D904F1F30A15}.Release|Any CPU.ActiveCfg = Release|Any CPU
		{2F53A253-E80E-452E-AA63-D904F1F30A15}.Release|Any CPU.Build.0 = Release|Any CPU
	EndGlobalSection
	GlobalSection(SolutionProperties) = preSolution
		HideSolutionNode = FALSE
	EndGlobalSection
	GlobalSection(ExtensibilityGlobals) = postSolution
		SolutionGuid = {CA376AB9-50BC-41E2-82AE-45A76F2CE62F}
	EndGlobalSection
EndGlobal
